{
  "name": "COS-216",
  "lockfileVersion": 2,
  "requires": true,
  "packages": {
    "": {
      "dependencies": {
        "graph.js": "^1.21.1"
      }
    },
    "node_modules/graph.js": {
      "version": "1.21.1",
      "resolved": "https://registry.npmjs.org/graph.js/-/graph.js-1.21.1.tgz",
      "integrity": "sha1-fgNUtB90lN/Rhpud7Bt37zBlOFM="
    }
  },
  "dependencies": {
    "graph.js": {
      "version": "1.21.1",
      "resolved": "https://registry.npmjs.org/graph.js/-/graph.js-1.21.1.tgz",
      "integrity": "sha1-fgNUtB90lN/Rhpud7Bt37zBlOFM="
    }
  }
}
